
Microsoft Visual Studio Solution File, Format Version 11.00
# Visual Studio 2010
Project("{FAE04EC0-301F-11D3-BF4B-00C04F79EFBC}") = "FP300Service", "FP300Service\FP300Service.csproj", "{BE64CA62-0017-4D85-9C31-B2648260B794}"
EndProject
Project("{FAE04EC0-301F-11D3-BF4B-00C04F79EFBC}") = "Hugin.POS.CompactPrinter.FP300", "Hugin.POS.CompactPrinter.FP300\Hugin.POS.CompactPrinter.FP300.csproj", "{CBBA05A0-53F2-494D-BB6E-3825610BF762}"
EndProject
Project("{FAE04EC0-301F-11D3-BF4B-00C04F79EFBC}") = "Hugin.Common", "Hugin.Common\Hugin.Common.csproj", "{0DDD777B-8D96-4D27-8FCE-4448BFD18A44}"
EndProject
Project("{FAE04EC0-301F-11D3-BF4B-00C04F79EFBC}") = "Hugin.GMPCommon", "Hugin.GMPCommon\Hugin.GMPCommon.csproj", "{CA37DFA5-5CC7-4AE4-BE04-B9B2FBD7D0DB}"
EndProject
Project("{FAE04EC0-301F-11D3-BF4B-00C04F79EFBC}") = "Hugin.ExDevice.DiffieHellman", "Hugin.ExDevice.DiffieHellman\Hugin.ExDevice.DiffieHellman.csproj", "{43E84792-5104-4433-9B23-26D54B98EB27}"
EndProject
Project("{FAE04EC0-301F-11D3-BF4B-00C04F79EFBC}") = "Hugin.ExDevice.Clean", "Hugin.ExDevice.Clean\Hugin.ExDevice.Clean.csproj", "{3D61BA3E-4AF6-46EC-9429-5D6B46752F99}"
EndProject
Project("{FAE04EC0-301F-11D3-BF4B-00C04F79EFBC}") = "Hugin.CompactPrinterFPU", "Hugin.CompactPrinterFPU\Hugin.CompactPrinterFPU.csproj", "{1AE83828-2AFD-4D8E-AF92-D38EA79B2039}"
EndProject
Project("{8BC9CEB8-8B4A-11D0-8D11-00A0C91BC942}") = "PrinterWrapper", "..\FP300Service_CPP\PrinterWrapper\PrinterWrapper.vcxproj", "{A3387230-10EF-428A-859B-CC1E7469102A}"
EndProject
Project("{8BC9CEB8-8B4A-11D0-8D11-00A0C91BC942}") = "PrinterLib", "..\FP300Service_CPP\PrinterLib\PrinterLib.vcxproj", "{470E6462-6F0B-4D61-8DC9-3E732ADDD3B5}"
EndProject
Project("{FAE04EC0-301F-11D3-BF4B-00C04F79EFBC}") = "ExDevice_Test", "UT_Service\ExDevice_Test.csproj", "{B07239E5-5738-4252-927D-009324CB9F78}"
EndProject
Project("{2150E333-8FDC-42A3-9474-1A3956D46DE8}") = "Solution Items", "Solution Items", "{1C71B18E-7982-4946-8A15-44AED7D86BBA}"
	ProjectSection(SolutionItems) = preProject
		FP300Service.vsmdi = FP300Service.vsmdi
		Local.testsettings = Local.testsettings
		TraceAndTestImpact.testsettings = TraceAndTestImpact.testsettings
	EndProjectSection
EndProject
Global
	GlobalSection(TestCaseManagementSettings) = postSolution
		CategoryFile = FP300Service.vsmdi
	EndGlobalSection
	GlobalSection(SolutionConfigurationPlatforms) = preSolution
		Debug|Any CPU = Debug|Any CPU
		Debug|Mixed Platforms = Debug|Mixed Platforms
		Debug|Win32 = Debug|Win32
		Debug|x64 = Debug|x64
		Debug|x86 = Debug|x86
		Release|Any CPU = Release|Any CPU
		Release|Mixed Platforms = Release|Mixed Platforms
		Release|Win32 = Release|Win32
		Release|x64 = Release|x64
		Release|x86 = Release|x86
	EndGlobalSection
	GlobalSection(ProjectConfigurationPlatforms) = postSolution
		{BE64CA62-0017-4D85-9C31-B2648260B794}.Debug|Any CPU.ActiveCfg = Debug|Any CPU
		{BE64CA62-0017-4D85-9C31-B2648260B794}.Debug|Any CPU.Build.0 = Debug|Any CPU
		{BE64CA62-0017-4D85-9C31-B2648260B794}.Debug|Mixed Platforms.ActiveCfg = Debug|Any CPU
		{BE64CA62-0017-4D85-9C31-B2648260B794}.Debug|Mixed Platforms.Build.0 = Debug|Any CPU
		{BE64CA62-0017-4D85-9C31-B2648260B794}.Debug|Win32.ActiveCfg = Debug|x86
		{BE64CA62-0017-4D85-9C31-B2648260B794}.Debug|Win32.Build.0 = Debug|x86
		{BE64CA62-0017-4D85-9C31-B2648260B794}.Debug|x64.ActiveCfg = Debug|x64
		{BE64CA62-0017-4D85-9C31-B2648260B794}.Debug|x64.Build.0 = Debug|x64
		{BE64CA62-0017-4D85-9C31-B2648260B794}.Debug|x86.ActiveCfg = Debug|x86
		{BE64CA62-0017-4D85-9C31-B2648260B794}.Debug|x86.Build.0 = Debug|x86
		{BE64CA62-0017-4D85-9C31-B2648260B794}.Release|Any CPU.ActiveCfg = Release|Any CPU
		{BE64CA62-0017-4D85-9C31-B2648260B794}.Release|Any CPU.Build.0 = Release|Any CPU
		{BE64CA62-0017-4D85-9C31-B2648260B794}.Release|Mixed Platforms.ActiveCfg = Release|Any CPU
		{BE64CA62-0017-4D85-9C31-B2648260B794}.Release|Mixed Platforms.Build.0 = Release|Any CPU
		{BE64CA62-0017-4D85-9C31-B2648260B794}.Release|Win32.ActiveCfg = Release|x86
		{BE64CA62-0017-4D85-9C31-B2648260B794}.Release|x64.ActiveCfg = Release|x86
		{BE64CA62-0017-4D85-9C31-B2648260B794}.Release|x86.ActiveCfg = Release|x86
		{BE64CA62-0017-4D85-9C31-B2648260B794}.Release|x86.Build.0 = Release|x86
		{CBBA05A0-53F2-494D-BB6E-3825610BF762}.Debug|Any CPU.ActiveCfg = Debug|Any CPU
		{CBBA05A0-53F2-494D-BB6E-3825610BF762}.Debug|Any CPU.Build.0 = Debug|Any CPU
		{CBBA05A0-53F2-494D-BB6E-3825610BF762}.Debug|Mixed Platforms.ActiveCfg = Debug|Any CPU
		{CBBA05A0-53F2-494D-BB6E-3825610BF762}.Debug|Mixed Platforms.Build.0 = Debug|Any CPU
		{CBBA05A0-53F2-494D-BB6E-3825610BF762}.Debug|Win32.ActiveCfg = Debug|x86
		{CBBA05A0-53F2-494D-BB6E-3825610BF762}.Debug|x64.ActiveCfg = Debug|x64
		{CBBA05A0-53F2-494D-BB6E-3825610BF762}.Debug|x86.ActiveCfg = Debug|x86
		{CBBA05A0-53F2-494D-BB6E-3825610BF762}.Debug|x86.Build.0 = Debug|x86
		{CBBA05A0-53F2-494D-BB6E-3825610BF762}.Release|Any CPU.ActiveCfg = Release|Any CPU
		{CBBA05A0-53F2-494D-BB6E-3825610BF762}.Release|Any CPU.Build.0 = Release|Any CPU
		{CBBA05A0-53F2-494D-BB6E-3825610BF762}.Release|Mixed Platforms.ActiveCfg = Release|Any CPU
		{CBBA05A0-53F2-494D-BB6E-3825610BF762}.Release|Mixed Platforms.Build.0 = Release|Any CPU
		{CBBA05A0-53F2-494D-BB6E-3825610BF762}.Release|Win32.ActiveCfg = Release|x86
		{CBBA05A0-53F2-494D-BB6E-3825610BF762}.Release|x64.ActiveCfg = Release|x86
		{CBBA05A0-53F2-494D-BB6E-3825610BF762}.Release|x86.ActiveCfg = Release|Any CPU
		{0DDD777B-8D96-4D27-8FCE-4448BFD18A44}.Debug|Any CPU.ActiveCfg = Debug|Any CPU
		{0DDD777B-8D96-4D27-8FCE-4448BFD18A44}.Debug|Any CPU.Build.0 = Debug|Any CPU
		{0DDD777B-8D96-4D27-8FCE-4448BFD18A44}.Debug|Mixed Platforms.ActiveCfg = Debug|Any CPU
		{0DDD777B-8D96-4D27-8FCE-4448BFD18A44}.Debug|Mixed Platforms.Build.0 = Debug|Any CPU
		{0DDD777B-8D96-4D27-8FCE-4448BFD18A44}.Debug|Win32.ActiveCfg = Debug|Any CPU
		{0DDD777B-8D96-4D27-8FCE-4448BFD18A44}.Debug|x64.ActiveCfg = Debug|x64
		{0DDD777B-8D96-4D27-8FCE-4448BFD18A44}.Debug|x86.ActiveCfg = Debug|Any CPU
		{0DDD777B-8D96-4D27-8FCE-4448BFD18A44}.Debug|x86.Build.0 = Debug|Any CPU
		{0DDD777B-8D96-4D27-8FCE-4448BFD18A44}.Release|Any CPU.ActiveCfg = Release|Any CPU
		{0DDD777B-8D96-4D27-8FCE-4448BFD18A44}.Release|Any CPU.Build.0 = Release|Any CPU
		{0DDD777B-8D96-4D27-8FCE-4448BFD18A44}.Release|Mixed Platforms.ActiveCfg = Release|Any CPU
		{0DDD777B-8D96-4D27-8FCE-4448BFD18A44}.Release|Mixed Platforms.Build.0 = Release|Any CPU
		{0DDD777B-8D96-4D27-8FCE-4448BFD18A44}.Release|Win32.ActiveCfg = Release|Any CPU
		{0DDD777B-8D96-4D27-8FCE-4448BFD18A44}.Release|x64.ActiveCfg = Release|Any CPU
		{0DDD777B-8D96-4D27-8FCE-4448BFD18A44}.Release|x86.ActiveCfg = Release|Any CPU
		{CA37DFA5-5CC7-4AE4-BE04-B9B2FBD7D0DB}.Debug|Any CPU.ActiveCfg = Debug|Any CPU
		{CA37DFA5-5CC7-4AE4-BE04-B9B2FBD7D0DB}.Debug|Any CPU.Build.0 = Debug|Any CPU
		{CA37DFA5-5CC7-4AE4-BE04-B9B2FBD7D0DB}.Debug|Mixed Platforms.ActiveCfg = Debug|Any CPU
		{CA37DFA5-5CC7-4AE4-BE04-B9B2FBD7D0DB}.Debug|Mixed Platforms.Build.0 = Debug|Any CPU
		{CA37DFA5-5CC7-4AE4-BE04-B9B2FBD7D0DB}.Debug|Win32.ActiveCfg = Debug|Any CPU
		{CA37DFA5-5CC7-4AE4-BE04-B9B2FBD7D0DB}.Debug|x64.ActiveCfg = Debug|x64
		{CA37DFA5-5CC7-4AE4-BE04-B9B2FBD7D0DB}.Debug|x86.ActiveCfg = Debug|Any CPU
		{CA37DFA5-5CC7-4AE4-BE04-B9B2FBD7D0DB}.Debug|x86.Build.0 = Debug|Any CPU
		{CA37DFA5-5CC7-4AE4-BE04-B9B2FBD7D0DB}.Release|Any CPU.ActiveCfg = Release|Any CPU
		{CA37DFA5-5CC7-4AE4-BE04-B9B2FBD7D0DB}.Release|Any CPU.Build.0 = Release|Any CPU
		{CA37DFA5-5CC7-4AE4-BE04-B9B2FBD7D0DB}.Release|Mixed Platforms.ActiveCfg = Release|Any CPU
		{CA37DFA5-5CC7-4AE4-BE04-B9B2FBD7D0DB}.Release|Mixed Platforms.Build.0 = Release|Any CPU
		{CA37DFA5-5CC7-4AE4-BE04-B9B2FBD7D0DB}.Release|Win32.ActiveCfg = Release|Any CPU
		{CA37DFA5-5CC7-4AE4-BE04-B9B2FBD7D0DB}.Release|x64.ActiveCfg = Release|Any CPU
		{CA37DFA5-5CC7-4AE4-BE04-B9B2FBD7D0DB}.Release|x86.ActiveCfg = Release|Any CPU
		{43E84792-5104-4433-9B23-26D54B98EB27}.Debug|Any CPU.ActiveCfg = Debug|Any CPU
		{43E84792-5104-4433-9B23-26D54B98EB27}.Debug|Any CPU.Build.0 = Debug|Any CPU
		{43E84792-5104-4433-9B23-26D54B98EB27}.Debug|Mixed Platforms.ActiveCfg = Debug|Any CPU
		{43E84792-5104-4433-9B23-26D54B98EB27}.Debug|Mixed Platforms.Build.0 = Debug|Any CPU
		{43E84792-5104-4433-9B23-26D54B98EB27}.Debug|Win32.ActiveCfg = Debug|x86
		{43E84792-5104-4433-9B23-26D54B98EB27}.Debug|x64.ActiveCfg = Debug|x64
		{43E84792-5104-4433-9B23-26D54B98EB27}.Debug|x86.ActiveCfg = Debug|x86
		{43E84792-5104-4433-9B23-26D54B98EB27}.Debug|x86.Build.0 = Debug|x86
		{43E84792-5104-4433-9B23-26D54B98EB27}.Release|Any CPU.ActiveCfg = Release|Any CPU
		{43E84792-5104-4433-9B23-26D54B98EB27}.Release|Any CPU.Build.0 = Release|Any CPU
		{43E84792-5104-4433-9B23-26D54B98EB27}.Release|Mixed Platforms.ActiveCfg = Release|Any CPU
		{43E84792-5104-4433-9B23-26D54B98EB27}.Release|Mixed Platforms.Build.0 = Release|Any CPU
		{43E84792-5104-4433-9B23-26D54B98EB27}.Release|Win32.ActiveCfg = Release|x86
		{43E84792-5104-4433-9B23-26D54B98EB27}.Release|x64.ActiveCfg = Release|x86
		{43E84792-5104-4433-9B23-26D54B98EB27}.Release|x86.ActiveCfg = Release|Any CPU
		{3D61BA3E-4AF6-46EC-9429-5D6B46752F99}.Debug|Any CPU.ActiveCfg = Debug|Any CPU
		{3D61BA3E-4AF6-46EC-9429-5D6B46752F99}.Debug|Any CPU.Build.0 = Debug|Any CPU
		{3D61BA3E-4AF6-46EC-9429-5D6B46752F99}.Debug|Mixed Platforms.ActiveCfg = Debug|Any CPU
		{3D61BA3E-4AF6-46EC-9429-5D6B46752F99}.Debug|Mixed Platforms.Build.0 = Debug|Any CPU
		{3D61BA3E-4AF6-46EC-9429-5D6B46752F99}.Debug|Win32.ActiveCfg = Debug|Any CPU
		{3D61BA3E-4AF6-46EC-9429-5D6B46752F99}.Debug|x64.ActiveCfg = Debug|Any CPU
		{3D61BA3E-4AF6-46EC-9429-5D6B46752F99}.Debug|x86.ActiveCfg = Debug|Any CPU
		{3D61BA3E-4AF6-46EC-9429-5D6B46752F99}.Release|Any CPU.ActiveCfg = Release|Any CPU
		{3D61BA3E-4AF6-46EC-9429-5D6B46752F99}.Release|Any CPU.Build.0 = Release|Any CPU
		{3D61BA3E-4AF6-46EC-9429-5D6B46752F99}.Release|Mixed Platforms.ActiveCfg = Release|Any CPU
		{3D61BA3E-4AF6-46EC-9429-5D6B46752F99}.Release|Mixed Platforms.Build.0 = Release|Any CPU
		{3D61BA3E-4AF6-46EC-9429-5D6B46752F99}.Release|Win32.ActiveCfg = Release|Any CPU
		{3D61BA3E-4AF6-46EC-9429-5D6B46752F99}.Release|x64.ActiveCfg = Release|Any CPU
		{3D61BA3E-4AF6-46EC-9429-5D6B46752F99}.Release|x86.ActiveCfg = Release|Any CPU
		{1AE83828-2AFD-4D8E-AF92-D38EA79B2039}.Debug|Any CPU.ActiveCfg = Debug|Any CPU
		{1AE83828-2AFD-4D8E-AF92-D38EA79B2039}.Debug|Any CPU.Build.0 = Debug|Any CPU
		{1AE83828-2AFD-4D8E-AF92-D38EA79B2039}.Debug|Mixed Platforms.ActiveCfg = Debug|Any CPU
		{1AE83828-2AFD-4D8E-AF92-D38EA79B2039}.Debug|Win32.ActiveCfg = Debug|Any CPU
		{1AE83828-2AFD-4D8E-AF92-D38EA79B2039}.Debug|x64.ActiveCfg = Debug|Any CPU
		{1AE83828-2AFD-4D8E-AF92-D38EA79B2039}.Debug|x86.ActiveCfg = Debug|Any CPU
		{1AE83828-2AFD-4D8E-AF92-D38EA79B2039}.Release|Any CPU.ActiveCfg = Release|Any CPU
		{1AE83828-2AFD-4D8E-AF92-D38EA79B2039}.Release|Any CPU.Build.0 = Release|Any CPU
		{1AE83828-2AFD-4D8E-AF92-D38EA79B2039}.Release|Mixed Platforms.ActiveCfg = Release|Any CPU
		{1AE83828-2AFD-4D8E-AF92-D38EA79B2039}.Release|Mixed Platforms.Build.0 = Release|Any CPU
		{1AE83828-2AFD-4D8E-AF92-D38EA79B2039}.Release|Win32.ActiveCfg = Release|Any CPU
		{1AE83828-2AFD-4D8E-AF92-D38EA79B2039}.Release|x64.ActiveCfg = Release|Any CPU
		{1AE83828-2AFD-4D8E-AF92-D38EA79B2039}.Release|x86.ActiveCfg = Release|Any CPU
		{A3387230-10EF-428A-859B-CC1E7469102A}.Debug|Any CPU.ActiveCfg = Debug|Win32
		{A3387230-10EF-428A-859B-CC1E7469102A}.Debug|Mixed Platforms.ActiveCfg = Debug|Win32
		{A3387230-10EF-428A-859B-CC1E7469102A}.Debug|Win32.ActiveCfg = Debug|Win32
		{A3387230-10EF-428A-859B-CC1E7469102A}.Debug|Win32.Build.0 = Debug|Win32
		{A3387230-10EF-428A-859B-CC1E7469102A}.Debug|x64.ActiveCfg = Debug|x64
		{A3387230-10EF-428A-859B-CC1E7469102A}.Debug|x64.Build.0 = Debug|x64
		{A3387230-10EF-428A-859B-CC1E7469102A}.Debug|x86.ActiveCfg = Debug|Win32
		{A3387230-10EF-428A-859B-CC1E7469102A}.Release|Any CPU.ActiveCfg = Release|Win32
		{A3387230-10EF-428A-859B-CC1E7469102A}.Release|Mixed Platforms.ActiveCfg = Release|Win32
		{A3387230-10EF-428A-859B-CC1E7469102A}.Release|Mixed Platforms.Build.0 = Release|Win32
		{A3387230-10EF-428A-859B-CC1E7469102A}.Release|Win32.ActiveCfg = Release|Win32
		{A3387230-10EF-428A-859B-CC1E7469102A}.Release|Win32.Build.0 = Release|Win32
		{A3387230-10EF-428A-859B-CC1E7469102A}.Release|x64.ActiveCfg = Release|Win32
		{A3387230-10EF-428A-859B-CC1E7469102A}.Release|x86.ActiveCfg = Release|Win32
		{470E6462-6F0B-4D61-8DC9-3E732ADDD3B5}.Debug|Any CPU.ActiveCfg = Debug|Win32
		{470E6462-6F0B-4D61-8DC9-3E732ADDD3B5}.Debug|Mixed Platforms.ActiveCfg = Debug|Win32
		{470E6462-6F0B-4D61-8DC9-3E732ADDD3B5}.Debug|Win32.ActiveCfg = Debug|Win32
		{470E6462-6F0B-4D61-8DC9-3E732ADDD3B5}.Debug|Win32.Build.0 = Debug|Win32
		{470E6462-6F0B-4D61-8DC9-3E732ADDD3B5}.Debug|x64.ActiveCfg = Debug|x64
		{470E6462-6F0B-4D61-8DC9-3E732ADDD3B5}.Debug|x64.Build.0 = Debug|x64
		{470E6462-6F0B-4D61-8DC9-3E732ADDD3B5}.Debug|x86.ActiveCfg = Debug|Win32
		{470E6462-6F0B-4D61-8DC9-3E732ADDD3B5}.Release|Any CPU.ActiveCfg = Release|Win32
		{470E6462-6F0B-4D61-8DC9-3E732ADDD3B5}.Release|Mixed Platforms.ActiveCfg = Release|Win32
		{470E6462-6F0B-4D61-8DC9-3E732ADDD3B5}.Release|Mixed Platforms.Build.0 = Release|Win32
		{470E6462-6F0B-4D61-8DC9-3E732ADDD3B5}.Release|Win32.ActiveCfg = Release|Win32
		{470E6462-6F0B-4D61-8DC9-3E732ADDD3B5}.Release|Win32.Build.0 = Release|Win32
		{470E6462-6F0B-4D61-8DC9-3E732ADDD3B5}.Release|x64.ActiveCfg = Release|x64
		{470E6462-6F0B-4D61-8DC9-3E732ADDD3B5}.Release|x64.Build.0 = Release|x64
		{470E6462-6F0B-4D61-8DC9-3E732ADDD3B5}.Release|x86.ActiveCfg = Release|Win32
		{B07239E5-5738-4252-927D-009324CB9F78}.Debug|Any CPU.ActiveCfg = Debug|Any CPU
		{B07239E5-5738-4252-927D-009324CB9F78}.Debug|Mixed Platforms.ActiveCfg = Debug|Any CPU
		{B07239E5-5738-4252-927D-009324CB9F78}.Debug|Mixed Platforms.Build.0 = Debug|Any CPU
		{B07239E5-5738-4252-927D-009324CB9F78}.Debug|Win32.ActiveCfg = Debug|Any CPU
		{B07239E5-5738-4252-927D-009324CB9F78}.Debug|x64.ActiveCfg = Debug|Any CPU
		{B07239E5-5738-4252-927D-009324CB9F78}.Debug|x86.ActiveCfg = Debug|Any CPU
		{B07239E5-5738-4252-927D-009324CB9F78}.Release|Any CPU.ActiveCfg = Release|Any CPU
		{B07239E5-5738-4252-927D-009324CB9F78}.Release|Mixed Platforms.ActiveCfg = Release|Any CPU
		{B07239E5-5738-4252-927D-009324CB9F78}.Release|Win32.ActiveCfg = Release|Any CPU
		{B07239E5-5738-4252-927D-009324CB9F78}.Release|x64.ActiveCfg = Release|Any CPU
		{B07239E5-5738-4252-927D-009324CB9F78}.Release|x86.ActiveCfg = Release|Any CPU
	EndGlobalSection
	GlobalSection(SolutionProperties) = preSolution
		HideSolutionNode = FALSE
	EndGlobalSection
EndGlobal
